// !$*UTF8*$!
{
	archiveVersion = 1;
	classes = {
	};
	objectVersion = 55;
	objects = {

/* Begin PBXBuildFile section */
		581BE00B2877E9E400A906FC /* swiftType.swift in Sources */ = {isa = PBXBuildFile; fileRef = 581BE00A2877E9E400A906FC /* swiftType.swift */; };
		58AA9D9D2875910000765AB7 /* day2.swift in Sources */ = {isa = PBXBuildFile; fileRef = 58AA9D9C2875910000765AB7 /* day2.swift */; };
		58AA9D9E2875910200765AB7 /* day2.swift in Sources */ = {isa = PBXBuildFile; fileRef = 58AA9D9C2875910000765AB7 /* day2.swift */; };
		58AA9DA02875927600765AB7 /* Day2Test.swift in Sources */ = {isa = PBXBuildFile; fileRef = 58AA9D9F2875927600765AB7 /* Day2Test.swift */; };
		58F11A13287579620096C55C /* day1.swift in Sources */ = {isa = PBXBuildFile; fileRef = 58F11A12287579620096C55C /* day1.swift */; };
		58F11A212875819B0096C55C /* Day1Test.swift in Sources */ = {isa = PBXBuildFile; fileRef = 58F11A202875819B0096C55C /* Day1Test.swift */; };
		58F11A26287582130096C55C /* day1.swift in Sources */ = {isa = PBXBuildFile; fileRef = 58F11A12287579620096C55C /* day1.swift */; };
/* End PBXBuildFile section */

/* Begin PBXCopyFilesBuildPhase section */
		58F11A0D287579620096C55C /* CopyFiles */ = {
			isa = PBXCopyFilesBuildPhase;
			buildActionMask = 2147483647;
			dstPath = /usr/share/man/man1/;
			dstSubfolderSpec = 0;
			files = (
			);
			runOnlyForDeploymentPostprocessing = 1;
		};
/* End PBXCopyFilesBuildPhase section */

/* Begin PBXFileReference section */
		581BE00A2877E9E400A906FC /* swiftType.swift */ = {isa = PBXFileReference; lastKnownFileType = sourcecode.swift; path = swiftType.swift; sourceTree = "<group>"; };
		58AA9D9C2875910000765AB7 /* day2.swift */ = {isa = PBXFileReference; lastKnownFileType = sourcecode.swift; path = day2.swift; sourceTree = "<group>"; };
		58AA9D9F2875927600765AB7 /* Day2Test.swift */ = {isa = PBXFileReference; lastKnownFileType = sourcecode.swift; path = Day2Test.swift; sourceTree = "<group>"; };
		58F11A0F287579620096C55C /* Startbuzz */ = {isa = PBXFileReference; explicitFileType = "compiled.mach-o.executable"; includeInIndex = 0; path = Startbuzz; sourceTree = BUILT_PRODUCTS_DIR; };
		58F11A12287579620096C55C /* day1.swift */ = {isa = PBXFileReference; lastKnownFileType = sourcecode.swift; path = day1.swift; sourceTree = "<group>"; };
		58F11A1E2875819B0096C55C /* UnitTests.xctest */ = {isa = PBXFileReference; explicitFileType = wrapper.cfbundle; includeInIndex = 0; path = UnitTests.xctest; sourceTree = BUILT_PRODUCTS_DIR; };
		58F11A202875819B0096C55C /* Day1Test.swift */ = {isa = PBXFileReference; lastKnownFileType = sourcecode.swift; path = Day1Test.swift; sourceTree = "<group>"; };
/* End PBXFileReference section */

/* Begin PBXFrameworksBuildPhase section */
		58F11A0C287579620096C55C /* Frameworks */ = {
			isa = PBXFrameworksBuildPhase;
			buildActionMask = 2147483647;
			files = (
			);
			runOnlyForDeploymentPostprocessing = 0;
		};
		58F11A1B2875819B0096C55C /* Frameworks */ = {
			isa = PBXFrameworksBuildPhase;
			buildActionMask = 2147483647;
			files = (
			);
			runOnlyForDeploymentPostprocessing = 0;
		};
/* End PBXFrameworksBuildPhase section */

/* Begin PBXGroup section */
		58F11A06287579620096C55C = {
			isa = PBXGroup;
			children = (
				58F11A11287579620096C55C /* Startbuzz */,
				58F11A1F2875819B0096C55C /* UnitTests */,
				58F11A10287579620096C55C /* Products */,
			);
			sourceTree = "<group>";
		};
		58F11A10287579620096C55C /* Products */ = {
			isa = PBXGroup;
			children = (
				58F11A0F287579620096C55C /* Startbuzz */,
				58F11A1E2875819B0096C55C /* UnitTests.xctest */,
			);
			name = Products;
			sourceTree = "<group>";
		};
		58F11A11287579620096C55C /* Startbuzz */ = {
			isa = PBXGroup;
			children = (
				58F11A12287579620096C55C /* day1.swift */,
				58AA9D9C2875910000765AB7 /* day2.swift */,
			);
			path = Startbuzz;
			sourceTree = "<group>";
		};
		58F11A1F2875819B0096C55C /* UnitTests */ = {
			isa = PBXGroup;
			children = (
				58F11A202875819B0096C55C /* Day1Test.swift */,
				58AA9D9F2875927600765AB7 /* Day2Test.swift */,
				581BE00A2877E9E400A906FC /* swiftType.swift */,
			);
			path = UnitTests;
			sourceTree = "<group>";
		};
/* End PBXGroup section */

/* Begin PBXNativeTarget section */
		58F11A0E287579620096C55C /* Startbuzz */ = {
			isa = PBXNativeTarget;
			buildConfigurationList = 58F11A16287579620096C55C /* Build configuration list for PBXNativeTarget "Startbuzz" */;
			buildPhases = (
				58F11A0B287579620096C55C /* Sources */,
				58F11A0C287579620096C55C /* Frameworks */,
				58F11A0D287579620096C55C /* CopyFiles */,
			);
			buildRules = (
			);
			dependencies = (
			);
			name = Startbuzz;
			productName = Startbuzz;
			productReference = 58F11A0F287579620096C55C /* Startbuzz */;
			productType = "com.apple.product-type.tool";
		};
		58F11A1D2875819B0096C55C /* UnitTests */ = {
			isa = PBXNativeTarget;
			buildConfigurationList = 58F11A222875819B0096C55C /* Build configuration list for PBXNativeTarget "UnitTests" */;
			buildPhases = (
				58F11A1A2875819B0096C55C /* Sources */,
				58F11A1B2875819B0096C55C /* Frameworks */,
				58F11A1C2875819B0096C55C /* Resources */,
			);
			buildRules = (
			);
			dependencies = (
			);
			name = UnitTests;
			productName = UnitTests;
			productReference = 58F11A1E2875819B0096C55C /* UnitTests.xctest */;
			productType = "com.apple.product-type.bundle.unit-test";
		};
/* End PBXNativeTarget section */

/* Begin PBXProject section */
		58F11A07287579620096C55C /* Project object */ = {
			isa = PBXProject;
			attributes = {
				BuildIndependentTargetsInParallel = 1;
				LastSwiftUpdateCheck = 1340;
				LastUpgradeCheck = 1340;
				TargetAttributes = {
					58F11A0E287579620096C55C = {
						CreatedOnToolsVersion = 13.4;
					};
					58F11A1D2875819B0096C55C = {
						CreatedOnToolsVersion = 13.4;
					};
				};
			};
			buildConfigurationList = 58F11A0A287579620096C55C /* Build configuration list for PBXProject "Startbuzz" */;
			compatibilityVersion = "Xcode 13.0";
			developmentRegion = en;
			hasScannedForEncodings = 0;
			knownRegions = (
				en,
				Base,
			);
			mainGroup = 58F11A06287579620096C55C;
			productRefGroup = 58F11A10287579620096C55C /* Products */;
			projectDirPath = "";
			projectRoot = "";
			targets = (
				58F11A0E287579620096C55C /* Startbuzz */,
				58F11A1D2875819B0096C55C /* UnitTests */,
			);
		};
/* End PBXProject section */

/* Begin PBXResourcesBuildPhase section */
		58F11A1C2875819B0096C55C /* Resources */ = {
			isa = PBXResourcesBuildPhase;
			buildActionMask = 2147483647;
			files = (
			);
			runOnlyForDeploymentPostprocessing = 0;
		};
/* End PBXResourcesBuildPhase section */

/* Begin PBXSourcesBuildPhase section */
		58F11A0B287579620096C55C /* Sources */ = {
			isa = PBXSourcesBuildPhase;
			buildActionMask = 2147483647;
			files = (
				58F11A13287579620096C55C /* day1.swift in Sources */,
				58AA9D9D2875910000765AB7 /* day2.swift in Sources */,
			);
			runOnlyForDeploymentPostprocessing = 0;
		};
		58F11A1A2875819B0096C55C /* Sources */ = {
			isa = PBXSourcesBuildPhase;
			buildActionMask = 2147483647;
			files = (
				58F11A26287582130096C55C /* day1.swift in Sources */,
				581BE00B2877E9E400A906FC /* swiftType.swift in Sources */,
				58AA9DA02875927600765AB7 /* Day2Test.swift in Sources */,
				58AA9D9E2875910200765AB7 /* day2.swift in Sources */,
				58F11A212875819B0096C55C /* Day1Test.swift in Sources */,
			);
			runOnlyForDeploymentPostprocessing = 0;
		};
/* End PBXSourcesBuildPhase section */

/* Begin XCBuildConfiguration section */
		58F11A14287579620096C55C /* Debug */ = {
			isa = XCBuildConfiguration;
			buildSettings = {
				ALWAYS_SEARCH_USER_PATHS = NO;
				CLANG_ANALYZER_NONNULL = YES;
				CLANG_ANALYZER_NUMBER_OBJECT_CONVERSION = YES_AGGRESSIVE;
				CLANG_CXX_LANGUAGE_STANDARD = "gnu++17";
				CLANG_ENABLE_MODULES = YES;
				CLANG_ENABLE_OBJC_ARC = YES;
				CLANG_ENABLE_OBJC_WEAK = YES;
				CLANG_WARN_BLOCK_CAPTURE_AUTORELEASING = YES;
				CLANG_WARN_BOOL_CONVERSION = YES;
				CLANG_WARN_COMMA = YES;
				CLANG_WARN_CONSTANT_CONVERSION = YES;
				CLANG_WARN_DEPRECATED_OBJC_IMPLEMENTATIONS = YES;
				CLANG_WARN_DIRECT_OBJC_ISA_USAGE = YES_ERROR;
				CLANG_WARN_DOCUMENTATION_COMMENTS = YES;
				CLANG_WARN_EMPTY_BODY = YES;
				CLANG_WARN_ENUM_CONVERSION = YES;
				CLANG_WARN_INFINITE_RECURSION = YES;
				CLANG_WARN_INT_CONVERSION = YES;
				CLANG_WARN_NON_LITERAL_NULL_CONVERSION = YES;
				CLANG_WARN_OBJC_IMPLICIT_RETAIN_SELF = YES;
				CLANG_WARN_OBJC_LITERAL_CONVERSION = YES;
				CLANG_WARN_OBJC_ROOT_CLASS = YES_ERROR;
				CLANG_WARN_QUOTED_INCLUDE_IN_FRAMEWORK_HEADER = YES;
				CLANG_WARN_RANGE_LOOP_ANALYSIS = YES;
				CLANG_WARN_STRICT_PROTOTYPES = YES;
				CLANG_WARN_SUSPICIOUS_MOVE = YES;
				CLANG_WARN_UNGUARDED_AVAILABILITY = YES_AGGRESSIVE;
				CLANG_WARN_UNREACHABLE_CODE = YES;
				CLANG_WARN__DUPLICATE_METHOD_MATCH = YES;
				COPY_PHASE_STRIP = NO;
				DEBUG_INFORMATION_FORMAT = dwarf;
				ENABLE_STRICT_OBJC_MSGSEND = YES;
				ENABLE_TESTABILITY = YES;
				GCC_C_LANGUAGE_STANDARD = gnu11;
				GCC_DYNAMIC_NO_PIC = NO;
				GCC_NO_COMMON_BLOCKS = YES;
				GCC_OPTIMIZATION_LEVEL = 0;
				GCC_PREPROCESSOR_DEFINITIONS = (
					"DEBUG=1",
					"$(inherited)",
				);
				GCC_WARN_64_TO_32_BIT_CONVERSION = YES;
				GCC_WARN_ABOUT_RETURN_TYPE = YES_ERROR;
				GCC_WARN_UNDECLARED_SELECTOR = YES;
				GCC_WARN_UNINITIALIZED_AUTOS = YES_AGGRESSIVE;
				GCC_WARN_UNUSED_FUNCTION = YES;
				GCC_WARN_UNUSED_VARIABLE = YES;
				MACOSX_DEPLOYMENT_TARGET = 12.3;
				MTL_ENABLE_DEBUG_INFO = INCLUDE_SOURCE;
				MTL_FAST_MATH = YES;
				ONLY_ACTIVE_ARCH = YES;
				SDKROOT = macosx;
				SWIFT_ACTIVE_COMPILATION_CONDITIONS = DEBUG;
				SWIFT_OPTIMIZATION_LEVEL = "-Onone";
			};
			name = Debug;
		};
		58F11A15287579620096C55C /* Release */ = {
			isa = XCBuildConfiguration;
			buildSettings = {
				ALWAYS_SEARCH_USER_PATHS = NO;
				CLANG_ANALYZER_NONNULL = YES;
				CLANG_ANALYZER_NUMBER_OBJECT_CONVERSION = YES_AGGRESSIVE;
				CLANG_CXX_LANGUAGE_STANDARD = "gnu++17";
				CLANG_ENABLE_MODULES = YES;
				CLANG_ENABLE_OBJC_ARC = YES;
				CLANG_ENABLE_OBJC_WEAK = YES;
				CLANG_WARN_BLOCK_CAPTURE_AUTORELEASING = YES;
				CLANG_WARN_BOOL_CONVERSION = YES;
				CLANG_WARN_COMMA = YES;
				CLANG_WARN_CONSTANT_CONVERSION = YES;
				CLANG_WARN_DEPRECATED_OBJC_IMPLEMENTATIONS = YES;
				CLANG_WARN_DIRECT_OBJC_ISA_USAGE = YES_ERROR;
				CLANG_WARN_DOCUMENTATION_COMMENTS = YES;
				CLANG_WARN_EMPTY_BODY = YES;
				CLANG_WARN_ENUM_CONVERSION = YES;
				CLANG_WARN_INFINITE_RECURSION = YES;
				CLANG_WARN_INT_CONVERSION = YES;
				CLANG_WARN_NON_LITERAL_NULL_CONVERSION = YES;
				CLANG_WARN_OBJC_IMPLICIT_RETAIN_SELF = YES;
				CLANG_WARN_OBJC_LITERAL_CONVERSION = YES;
				CLANG_WARN_OBJC_ROOT_CLASS = YES_ERROR;
				CLANG_WARN_QUOTED_INCLUDE_IN_FRAMEWORK_HEADER = YES;
				CLANG_WARN_RANGE_LOOP_ANALYSIS = YES;
				CLANG_WARN_STRICT_PROTOTYPES = YES;
				CLANG_WARN_SUSPICIOUS_MOVE = YES;
				CLANG_WARN_UNGUARDED_AVAILABILITY = YES_AGGRESSIVE;
				CLANG_WARN_UNREACHABLE_CODE = YES;
				CLANG_WARN__DUPLICATE_METHOD_MATCH = YES;
				COPY_PHASE_STRIP = NO;
				DEBUG_INFORMATION_FORMAT = "dwarf-with-dsym";
				ENABLE_NS_ASSERTIONS = NO;
				ENABLE_STRICT_OBJC_MSGSEND = YES;
				GCC_C_LANGUAGE_STANDARD = gnu11;
				GCC_NO_COMMON_BLOCKS = YES;
				GCC_WARN_64_TO_32_BIT_CONVERSION = YES;
				GCC_WARN_ABOUT_RETURN_TYPE = YES_ERROR;
				GCC_WARN_UNDECLARED_SELECTOR = YES;
				GCC_WARN_UNINITIALIZED_AUTOS = YES_AGGRESSIVE;
				GCC_WARN_UNUSED_FUNCTION = YES;
				GCC_WARN_UNUSED_VARIABLE = YES;
				MACOSX_DEPLOYMENT_TARGET = 12.3;
				MTL_ENABLE_DEBUG_INFO = NO;
				MTL_FAST_MATH = YES;
				SDKROOT = macosx;
				SWIFT_COMPILATION_MODE = wholemodule;
				SWIFT_OPTIMIZATION_LEVEL = "-O";
			};
			name = Release;
		};
		58F11A17287579620096C55C /* Debug */ = {
			isa = XCBuildConfiguration;
			buildSettings = {
				CODE_SIGN_STYLE = Automatic;
				PRODUCT_NAME = "$(TARGET_NAME)";
				SWIFT_VERSION = 5.0;
			};
			name = Debug;
		};
		58F11A18287579620096C55C /* Release */ = {
			isa = XCBuildConfiguration;
			buildSettings = {
				CODE_SIGN_STYLE = Automatic;
				PRODUCT_NAME = "$(TARGET_NAME)";
				SWIFT_VERSION = 5.0;
			};
			name = Release;
		};
		58F11A232875819B0096C55C /* Debug */ = {
			isa = XCBuildConfiguration;
			buildSettings = {
				CODE_SIGN_STYLE = Automatic;
				CURRENT_PROJECT_VERSION = 1;
				GENERATE_INFOPLIST_FILE = YES;
				MARKETING_VERSION = 1.0;
				PRODUCT_BUNDLE_IDENTIFIER = "com.wild-core-dump.UnitTests";
				PRODUCT_NAME = "$(TARGET_NAME)";
				SWIFT_EMIT_LOC_STRINGS = NO;
				SWIFT_VERSION = 5.0;
			};
			name = Debug;
		};
		58F11A242875819B0096C55C /* Release */ = {
			isa = XCBuildConfiguration;
			buildSettings = {
				CODE_SIGN_STYLE = Automatic;
				CURRENT_PROJECT_VERSION = 1;
				GENERATE_INFOPLIST_FILE = YES;
				MARKETING_VERSION = 1.0;
				PRODUCT_BUNDLE_IDENTIFIER = "com.wild-core-dump.UnitTests";
				PRODUCT_NAME = "$(TARGET_NAME)";
				SWIFT_EMIT_LOC_STRINGS = NO;
				SWIFT_VERSION = 5.0;
			};
			name = Release;
		};
/* End XCBuildConfiguration section */

/* Begin XCConfigurationList section */
		58F11A0A287579620096C55C /* Build configuration list for PBXProject "Startbuzz" */ = {
			isa = XCConfigurationList;
			buildConfigurations = (
				58F11A14287579620096C55C /* Debug */,
				58F11A15287579620096C55C /* Release */,
			);
			defaultConfigurationIsVisible = 0;
			defaultConfigurationName = Release;
		};
		58F11A16287579620096C55C /* Build configuration list for PBXNativeTarget "Startbuzz" */ = {
			isa = XCConfigurationList;
			buildConfigurations = (
				58F11A17287579620096C55C /* Debug */,
				58F11A18287579620096C55C /* Release */,
			);
			defaultConfigurationIsVisible = 0;
			defaultConfigurationName = Release;
		};
		58F11A222875819B0096C55C /* Build configuration list for PBXNativeTarget "UnitTests" */ = {
			isa = XCConfigurationList;
			buildConfigurations = (
				58F11A232875819B0096C55C /* Debug */,
				58F11A242875819B0096C55C /* Release */,
			);
			defaultConfigurationIsVisible = 0;
			defaultConfigurationName = Release;
		};
/* End XCConfigurationList section */
	};
	rootObject = 58F11A07287579620096C55C /* Project object */;
}
